
Microsoft Visual Studio Solution File, Format Version 12.00
# Visual Studio Version 17
VisualStudioVersion = 17.5.33516.290
MinimumVisualStudioVersion = 10.0.40219.1
Project("{9A19103F-16F7-4668-BE54-9A1E7A4F7556}") = "LinqExtensions", "LinqExtensions\LinqExtensions.csproj", "{267C6005-337D-4B7E-BA56-4B526F714A43}"
EndProject
Project("{FAE04EC0-301F-11D3-BF4B-00C04F79EFBC}") = "LinqExtensions.Tests", "LinqExtensions.Tests\LinqExtensions.Tests.csproj", "{7B36424F-3FE1-4119-AF91-6FF9451B1DDA}"
EndProject
Global
	GlobalSection(SolutionConfigurationPlatforms) = preSolution
		Debug|Any CPU = Debug|Any CPU
		Release|Any CPU = Release|Any CPU
	EndGlobalSection
	GlobalSection(ProjectConfigurationPlatforms) = postSolution
		{267C6005-337D-4B7E-BA56-4B526F714A43}.Debug|Any CPU.ActiveCfg = Debug|Any CPU
		{267C6005-337D-4B7E-BA56-4B526F714A43}.Debug|Any CPU.Build.0 = Debug|Any CPU
		{267C6005-337D-4B7E-BA56-4B526F714A43}.Release|Any CPU.ActiveCfg = Release|Any CPU
		{267C6005-337D-4B7E-BA56-4B526F714A43}.Release|Any CPU.Build.0 = Release|Any CPU
		{7B36424F-3FE1-4119-AF91-6FF9451B1DDA}.Debug|Any CPU.ActiveCfg = Debug|Any CPU
		{7B36424F-3FE1-4119-AF91-6FF9451B1DDA}.Debug|Any CPU.Build.0 = Debug|Any CPU
		{7B36424F-3FE1-4119-AF91-6FF9451B1DDA}.Release|Any CPU.ActiveCfg = Release|Any CPU
		{7B36424F-3FE1-4119-AF91-6FF9451B1DDA}.Release|Any CPU.Build.0 = Release|Any CPU
	EndGlobalSection
	GlobalSection(SolutionProperties) = preSolution
		HideSolutionNode = FALSE
	EndGlobalSection
	GlobalSection(ExtensibilityGlobals) = postSolution
		SolutionGuid = {7A443C36-E40A-4E3A-B4FE-F07425946688}
	EndGlobalSection
EndGlobal
